
Microsoft Visual Studio Solution File, Format Version 12.00
# Visual Studio Version 16
VisualStudioVersion = 16.0.29613.14
MinimumVisualStudioVersion = 10.0.40219.1
Project("{9A19103F-16F7-4668-BE54-9A1E7A4F7556}") = "UILab", "UILab\UILab.csproj", "{5379CDBA-E76A-4D42-A2BA-4D3ADD9866B3}"
EndProject
Global
	GlobalSection(SolutionConfigurationPlatforms) = preSolution
		Debug|Any CPU = Debug|Any CPU
		Release|Any CPU = Release|Any CPU
	EndGlobalSection
	GlobalSection(ProjectConfigurationPlatforms) = postSolution
		{5379CDBA-E76A-4D42-A2BA-4D3ADD9866B3}.Debug|Any CPU.ActiveCfg = Debug|Any CPU
		{5379CDBA-E76A-4D42-A2BA-4D3ADD9866B3}.Debug|Any CPU.Build.0 = Debug|Any CPU
		{5379CDBA-E76A-4D42-A2BA-4D3ADD9866B3}.Release|Any CPU.ActiveCfg = Release|Any CPU
		{5379CDBA-E76A-4D42-A2BA-4D3ADD9866B3}.Release|Any CPU.Build.0 = Release|Any CPU
	EndGlobalSection
	GlobalSection(SolutionProperties) = preSolution
		HideSolutionNode = FALSE
	EndGlobalSection
	GlobalSection(ExtensibilityGlobals) = postSolution
		SolutionGuid = {1735AE89-4830-4E88-9484-CFD24D8DA5BF}
	EndGlobalSection
EndGlobal
